github.com/google/uuid v1.3.0 h1:t6JiXgmwXMjEs8VusXIJk2BXHsn+wx8BZdTaoZ5fu7I=
github.com/google/uuid v1.3.0/go.mod h1:TIyPZe4MgqvfeYDBFedMoGGpEw/LqOeaOT+nhxU+yHo=
github.com/shopspring/decimal v1.3.1 h1:2Usl1nmF/WZucqkFZhnfFYxxxu8LG21F6nPQBE5gKV8=
github.com/shopspring/decimal v1.3.1/go.mod h1:DKyhrW/HYNuLGql+MJL6WCR6knT2jwCFRcu2hWCYk4o=
golang.org/x/crypto v0.0.0-20220926161630-eccd6366d1be h1:fmw3UbQh+nxngCAHrDCCztao/kbYFnWjoqop8dHx05A=
golang.org/x/crypto v0.0.0-20220926161630-eccd6366d1be/go.mod h1:IxCIyHEi3zRg3s0A5j5BB6A9Jmi73HwBIUl50j+osU4=
golang.org/x/exp v0.0.0-20221004215720-b9f4876ce741 h1:fGZugkZk2UgYBxtpKmvub51Yno1LJDeEsRp2xGD+0gY=
golang.org/x/exp v0.0.0-20221004215720-b9f4876ce741/go.mod h1:cyybsKvd6eL0RnXn6p/Grxp8F5bW7iYuBgsNCOHpMYE=
